
Microsoft Visual Studio Solution File, Format Version 12.00
# Visual Studio Version 17
VisualStudioVersion = 17.14.36616.10 d17.14
MinimumVisualStudioVersion = 10.0.40219.1
Project("{FAE04EC0-301F-11D3-BF4B-00C04F79EFBC}") = "MoviesStore", "MoviesStore\MoviesStore.csproj", "{59541118-4517-476D-AA29-030ECA7B7A47}"
EndProject
Global
	GlobalSection(SolutionConfigurationPlatforms) = preSolution
		Debug|Any CPU = Debug|Any CPU
		Release|Any CPU = Release|Any CPU
	EndGlobalSection
	GlobalSection(ProjectConfigurationPlatforms) = postSolution
		{59541118-4517-476D-AA29-030ECA7B7A47}.Debug|Any CPU.ActiveCfg = Debug|Any CPU
		{59541118-4517-476D-AA29-030ECA7B7A47}.Debug|Any CPU.Build.0 = Debug|Any CPU
		{59541118-4517-476D-AA29-030ECA7B7A47}.Release|Any CPU.ActiveCfg = Release|Any CPU
		{59541118-4517-476D-AA29-030ECA7B7A47}.Release|Any CPU.Build.0 = Release|Any CPU
	EndGlobalSection
	GlobalSection(SolutionProperties) = preSolution
		HideSolutionNode = FALSE
	EndGlobalSection
	GlobalSection(ExtensibilityGlobals) = postSolution
		SolutionGuid = {6655769B-EC99-4B57-B608-5BF64426D70C}
	EndGlobalSection
EndGlobal
